../introgression/fastas/DRR002225_1.fastq.gz
../introgression/fastas/DRR002225_2.fastq.gz
../introgression/fastas/DRR002226_1.fastq.gz
../introgression/fastas/DRR002226_2.fastq.gz
../introgression/fastas/DRR002227_1.fastq.gz
../introgression/fastas/DRR002227_2.fastq.gz
../introgression/fastas/DRR002228_1.fastq.gz
../introgression/fastas/DRR002228_2.fastq.gz
../introgression/sams/DRR002225.sam
../introgression/sams/DRR002226.sam
../introgression/sams/DRR002227.sam
../introgression/sams/DRR002228.sam
../introgression/sams/DRR002225_withRGs.sam
../introgression/sams/DRR002226_withRGs.sam
../introgression/sams/DRR002227_withRGs.sam
../introgression/sams/DRR002228_withRGs.sam
../introgression/bams/sorted/DRR002225.bam
../introgression/bams/sorted/DRR002226.bam
../introgression/bams/sorted/DRR002227.bam
../introgression/bams/sorted/DRR002228.bam
../introgression/bams/marked/DRR002225.bam
../introgression/bams/marked/DRR002226.bam
../introgression/bams/marked/DRR002227.bam
../introgression/bams/marked/DRR002228.bam
../introgression/bams/merged/kaga.bam
../introgression/bams/merged/kaga.bai
../introgression/vcfs/gvcfs/kaga_15.g.vcf.gz
../introgression/vcfs/gvcfs/kaga_11.g.vcf.gz
../introgression/vcfs/gvcfs/kaga_5.g.vcf.gz
../introgression/vcfs/gvcfs/kaga_6.g.vcf.gz
../introgression/vcfs/gvcfs/kaga_7.g.vcf.gz
../introgression/vcfs/gvcfs/kaga_13.g.vcf.gz
../introgression/vcfs/gvcfs/kaga_12.g.vcf.gz
../introgression/vcfs/gvcfs/kaga_1.g.vcf.gz
../introgression/vcfs/gvcfs/kaga_18.g.vcf.gz
../introgression/vcfs/gvcfs/kaga_2.g.vcf.gz
../introgression/vcfs/gvcfs/kaga_24.g.vcf.gz
../introgression/vcfs/gvcfs/kaga_21.g.vcf.gz
../introgression/vcfs/gvcfs/kaga_14.g.vcf.gz
../introgression/vcfs/gvcfs/kaga_10.g.vcf.gz
../introgression/vcfs/gvcfs/kaga_4.g.vcf.gz
../introgression/vcfs/gvcfs/kaga_19.g.vcf.gz
../introgression/vcfs/gvcfs/kaga_9.g.vcf.gz
../introgression/vcfs/gvcfs/kaga_16.g.vcf.gz
../introgression/vcfs/gvcfs/kaga_20.g.vcf.gz
../introgression/vcfs/gvcfs/kaga_17.g.vcf.gz
../introgression/vcfs/gvcfs/kaga_22.g.vcf.gz
../introgression/vcfs/gvcfs/kaga_8.g.vcf.gz
../introgression/vcfs/gvcfs/kaga_23.g.vcf.gz
../introgression/vcfs/gvcfs/kaga_MT.g.vcf.gz
../introgression/vcfs/gvcfs/kaga_3.g.vcf.gz
../introgression/vcfs/final/kaga_15.vcf.gz
../introgression/vcfs/final/kaga_11.vcf.gz
../introgression/vcfs/final/kaga_5.vcf.gz
../introgression/vcfs/final/kaga_6.vcf.gz
../introgression/vcfs/final/kaga_7.vcf.gz
../introgression/vcfs/final/kaga_13.vcf.gz
../introgression/vcfs/final/kaga_12.vcf.gz
../introgression/vcfs/final/kaga_1.vcf.gz
../introgression/vcfs/final/kaga_18.vcf.gz
../introgression/vcfs/final/kaga_2.vcf.gz
../introgression/vcfs/final/kaga_24.vcf.gz
../introgression/vcfs/final/kaga_21.vcf.gz
../introgression/vcfs/final/kaga_14.vcf.gz
../introgression/vcfs/final/kaga_10.vcf.gz
../introgression/vcfs/final/kaga_4.vcf.gz
../introgression/vcfs/final/kaga_19.vcf.gz
../introgression/vcfs/final/kaga_9.vcf.gz
../introgression/vcfs/final/kaga_16.vcf.gz
../introgression/vcfs/final/kaga_20.vcf.gz
../introgression/vcfs/final/kaga_17.vcf.gz
../introgression/vcfs/final/kaga_22.vcf.gz
../introgression/vcfs/final/kaga_8.vcf.gz
../introgression/vcfs/final/kaga_23.vcf.gz
../introgression/vcfs/final/kaga_MT.vcf.gz
../introgression/vcfs/final/kaga_3.vcf.gz
../introgression/vcfs/final/kaga_15.vcf.gz.tbi
../introgression/vcfs/final/kaga_11.vcf.gz.tbi
../introgression/vcfs/final/kaga_5.vcf.gz.tbi
../introgression/vcfs/final/kaga_6.vcf.gz.tbi
../introgression/vcfs/final/kaga_7.vcf.gz.tbi
../introgression/vcfs/final/kaga_13.vcf.gz.tbi
../introgression/vcfs/final/kaga_12.vcf.gz.tbi
../introgression/vcfs/final/kaga_1.vcf.gz.tbi
../introgression/vcfs/final/kaga_18.vcf.gz.tbi
../introgression/vcfs/final/kaga_2.vcf.gz.tbi
../introgression/vcfs/final/kaga_24.vcf.gz.tbi
../introgression/vcfs/final/kaga_21.vcf.gz.tbi
../introgression/vcfs/final/kaga_14.vcf.gz.tbi
../introgression/vcfs/final/kaga_10.vcf.gz.tbi
../introgression/vcfs/final/kaga_4.vcf.gz.tbi
../introgression/vcfs/final/kaga_19.vcf.gz.tbi
../introgression/vcfs/final/kaga_9.vcf.gz.tbi
../introgression/vcfs/final/kaga_16.vcf.gz.tbi
../introgression/vcfs/final/kaga_20.vcf.gz.tbi
../introgression/vcfs/final/kaga_17.vcf.gz.tbi
../introgression/vcfs/final/kaga_22.vcf.gz.tbi
../introgression/vcfs/final/kaga_8.vcf.gz.tbi
../introgression/vcfs/final/kaga_23.vcf.gz.tbi
../introgression/vcfs/final/kaga_MT.vcf.gz.tbi
../introgression/vcfs/final/kaga_3.vcf.gz.tbi
../introgression/vcfs/merged/kaga.vcf.gz
../introgression/vcfs/full-run_line-ids_with-kaga.vcf.gz
ftp.sra.ebi.ac.uk/vol1/fastq/DRR002/DRR002225/DRR002225_1.fastq.gz
ftp.sra.ebi.ac.uk/vol1/fastq/DRR002/DRR002225/DRR002225_2.fastq.gz
ftp.sra.ebi.ac.uk/vol1/fastq/DRR002/DRR002226/DRR002226_1.fastq.gz
ftp.sra.ebi.ac.uk/vol1/fastq/DRR002/DRR002226/DRR002226_2.fastq.gz
ftp.sra.ebi.ac.uk/vol1/fastq/DRR002/DRR002227/DRR002227_1.fastq.gz
ftp.sra.ebi.ac.uk/vol1/fastq/DRR002/DRR002227/DRR002227_2.fastq.gz
ftp.sra.ebi.ac.uk/vol1/fastq/DRR002/DRR002228/DRR002228_1.fastq.gz
ftp.sra.ebi.ac.uk/vol1/fastq/DRR002/DRR002228/DRR002228_2.fastq.gz
../introgression/fastas/DRR002225_1.fastq.gz
../introgression/fastas/DRR002225_2.fastq.gz
../introgression/fastas/DRR002226_1.fastq.gz
../introgression/fastas/DRR002226_2.fastq.gz
../introgression/fastas/DRR002227_1.fastq.gz
../introgression/fastas/DRR002227_2.fastq.gz
../introgression/fastas/DRR002228_1.fastq.gz
../introgression/fastas/DRR002228_2.fastq.gz
../introgression/sams/DRR002225.sam
../introgression/sams/DRR002226.sam
../introgression/sams/DRR002227.sam
../introgression/sams/DRR002228.sam
../introgression/sams/DRR002225_withRGs.sam
../introgression/sams/DRR002226_withRGs.sam
../introgression/sams/DRR002227_withRGs.sam
../introgression/sams/DRR002228_withRGs.sam
../introgression/bams/sorted/DRR002225.bam
../introgression/bams/sorted/DRR002226.bam
../introgression/bams/sorted/DRR002227.bam
../introgression/bams/sorted/DRR002228.bam
../introgression/bams/marked/DRR002225.bam
../introgression/bams/marked/DRR002226.bam
../introgression/bams/marked/DRR002227.bam
../introgression/bams/marked/DRR002228.bam
../introgression/bams/merged/kaga.bam
../introgression/bams/merged/kaga.bam
../introgression/bams/merged/kaga.bai
../introgression/bams/merged/kaga.bam
../introgression/bams/merged/kaga.bai
../introgression/bams/merged/kaga.bam
../introgression/bams/merged/kaga.bai
../introgression/bams/merged/kaga.bam
../introgression/bams/merged/kaga.bai
../introgression/bams/merged/kaga.bam
../introgression/bams/merged/kaga.bai
../introgression/bams/merged/kaga.bam
../introgression/bams/merged/kaga.bai
../introgression/bams/merged/kaga.bam
../introgression/bams/merged/kaga.bai
../introgression/bams/merged/kaga.bam
../introgression/bams/merged/kaga.bai
../introgression/bams/merged/kaga.bam
../introgression/bams/merged/kaga.bai
../introgression/bams/merged/kaga.bam
../introgression/bams/merged/kaga.bai
../introgression/bams/merged/kaga.bam
../introgression/bams/merged/kaga.bai
../introgression/bams/merged/kaga.bam
../introgression/bams/merged/kaga.bai
../introgression/bams/merged/kaga.bam
../introgression/bams/merged/kaga.bai
../introgression/bams/merged/kaga.bam
../introgression/bams/merged/kaga.bai
../introgression/bams/merged/kaga.bam
../introgression/bams/merged/kaga.bai
../introgression/bams/merged/kaga.bam
../introgression/bams/merged/kaga.bai
../introgression/bams/merged/kaga.bam
../introgression/bams/merged/kaga.bai
../introgression/bams/merged/kaga.bam
../introgression/bams/merged/kaga.bai
../introgression/bams/merged/kaga.bam
../introgression/bams/merged/kaga.bai
../introgression/bams/merged/kaga.bam
../introgression/bams/merged/kaga.bai
../introgression/bams/merged/kaga.bam
../introgression/bams/merged/kaga.bai
../introgression/bams/merged/kaga.bam
../introgression/bams/merged/kaga.bai
../introgression/bams/merged/kaga.bam
../introgression/bams/merged/kaga.bai
../introgression/bams/merged/kaga.bam
../introgression/bams/merged/kaga.bai
../introgression/bams/merged/kaga.bam
../introgression/bams/merged/kaga.bai
../introgression/vcfs/gvcfs/kaga_15.g.vcf.gz
../introgression/vcfs/gvcfs/kaga_11.g.vcf.gz
../introgression/vcfs/gvcfs/kaga_5.g.vcf.gz
../introgression/vcfs/gvcfs/kaga_6.g.vcf.gz
../introgression/vcfs/gvcfs/kaga_7.g.vcf.gz
../introgression/vcfs/gvcfs/kaga_13.g.vcf.gz
../introgression/vcfs/gvcfs/kaga_12.g.vcf.gz
../introgression/vcfs/gvcfs/kaga_1.g.vcf.gz
../introgression/vcfs/gvcfs/kaga_18.g.vcf.gz
../introgression/vcfs/gvcfs/kaga_2.g.vcf.gz
../introgression/vcfs/gvcfs/kaga_24.g.vcf.gz
../introgression/vcfs/gvcfs/kaga_21.g.vcf.gz
../introgression/vcfs/gvcfs/kaga_14.g.vcf.gz
../introgression/vcfs/gvcfs/kaga_10.g.vcf.gz
../introgression/vcfs/gvcfs/kaga_4.g.vcf.gz
../introgression/vcfs/gvcfs/kaga_19.g.vcf.gz
../introgression/vcfs/gvcfs/kaga_9.g.vcf.gz
../introgression/vcfs/gvcfs/kaga_16.g.vcf.gz
../introgression/vcfs/gvcfs/kaga_20.g.vcf.gz
../introgression/vcfs/gvcfs/kaga_17.g.vcf.gz
../introgression/vcfs/gvcfs/kaga_22.g.vcf.gz
../introgression/vcfs/gvcfs/kaga_8.g.vcf.gz
../introgression/vcfs/gvcfs/kaga_23.g.vcf.gz
../introgression/vcfs/gvcfs/kaga_MT.g.vcf.gz
../introgression/vcfs/gvcfs/kaga_3.g.vcf.gz
../introgression/vcfs/final/kaga_15.vcf.gz
../introgression/vcfs/final/kaga_11.vcf.gz
../introgression/vcfs/final/kaga_5.vcf.gz
../introgression/vcfs/final/kaga_6.vcf.gz
../introgression/vcfs/final/kaga_7.vcf.gz
../introgression/vcfs/final/kaga_13.vcf.gz
../introgression/vcfs/final/kaga_12.vcf.gz
../introgression/vcfs/final/kaga_1.vcf.gz
../introgression/vcfs/final/kaga_18.vcf.gz
../introgression/vcfs/final/kaga_2.vcf.gz
../introgression/vcfs/final/kaga_24.vcf.gz
../introgression/vcfs/final/kaga_21.vcf.gz
../introgression/vcfs/final/kaga_14.vcf.gz
../introgression/vcfs/final/kaga_10.vcf.gz
../introgression/vcfs/final/kaga_4.vcf.gz
../introgression/vcfs/final/kaga_19.vcf.gz
../introgression/vcfs/final/kaga_9.vcf.gz
../introgression/vcfs/final/kaga_16.vcf.gz
../introgression/vcfs/final/kaga_20.vcf.gz
../introgression/vcfs/final/kaga_17.vcf.gz
../introgression/vcfs/final/kaga_22.vcf.gz
../introgression/vcfs/final/kaga_8.vcf.gz
../introgression/vcfs/final/kaga_23.vcf.gz
../introgression/vcfs/final/kaga_MT.vcf.gz
../introgression/vcfs/final/kaga_3.vcf.gz
../introgression/vcfs/final/kaga_1.vcf.gz
../introgression/vcfs/final/kaga_2.vcf.gz
../introgression/vcfs/final/kaga_3.vcf.gz
../introgression/vcfs/final/kaga_4.vcf.gz
../introgression/vcfs/final/kaga_5.vcf.gz
../introgression/vcfs/final/kaga_6.vcf.gz
../introgression/vcfs/final/kaga_7.vcf.gz
../introgression/vcfs/final/kaga_8.vcf.gz
../introgression/vcfs/final/kaga_9.vcf.gz
../introgression/vcfs/final/kaga_10.vcf.gz
../introgression/vcfs/final/kaga_11.vcf.gz
../introgression/vcfs/final/kaga_12.vcf.gz
../introgression/vcfs/final/kaga_13.vcf.gz
../introgression/vcfs/final/kaga_14.vcf.gz
../introgression/vcfs/final/kaga_15.vcf.gz
../introgression/vcfs/final/kaga_16.vcf.gz
../introgression/vcfs/final/kaga_17.vcf.gz
../introgression/vcfs/final/kaga_18.vcf.gz
../introgression/vcfs/final/kaga_19.vcf.gz
../introgression/vcfs/final/kaga_20.vcf.gz
../introgression/vcfs/final/kaga_21.vcf.gz
../introgression/vcfs/final/kaga_22.vcf.gz
../introgression/vcfs/final/kaga_23.vcf.gz
../introgression/vcfs/final/kaga_24.vcf.gz
../introgression/vcfs/final/kaga_MT.vcf.gz
../introgression/vcfs/final/kaga_1.vcf.gz.tbi
../introgression/vcfs/final/kaga_2.vcf.gz.tbi
../introgression/vcfs/final/kaga_3.vcf.gz.tbi
../introgression/vcfs/final/kaga_4.vcf.gz.tbi
../introgression/vcfs/final/kaga_5.vcf.gz.tbi
../introgression/vcfs/final/kaga_6.vcf.gz.tbi
../introgression/vcfs/final/kaga_7.vcf.gz.tbi
../introgression/vcfs/final/kaga_8.vcf.gz.tbi
../introgression/vcfs/final/kaga_9.vcf.gz.tbi
../introgression/vcfs/final/kaga_10.vcf.gz.tbi
../introgression/vcfs/final/kaga_11.vcf.gz.tbi
../introgression/vcfs/final/kaga_12.vcf.gz.tbi
../introgression/vcfs/final/kaga_13.vcf.gz.tbi
../introgression/vcfs/final/kaga_14.vcf.gz.tbi
../introgression/vcfs/final/kaga_15.vcf.gz.tbi
../introgression/vcfs/final/kaga_16.vcf.gz.tbi
../introgression/vcfs/final/kaga_17.vcf.gz.tbi
../introgression/vcfs/final/kaga_18.vcf.gz.tbi
../introgression/vcfs/final/kaga_19.vcf.gz.tbi
../introgression/vcfs/final/kaga_20.vcf.gz.tbi
../introgression/vcfs/final/kaga_21.vcf.gz.tbi
../introgression/vcfs/final/kaga_22.vcf.gz.tbi
../introgression/vcfs/final/kaga_23.vcf.gz.tbi
../introgression/vcfs/final/kaga_24.vcf.gz.tbi
../introgression/vcfs/final/kaga_MT.vcf.gz.tbi
../introgression/vcfs/merged/kaga.vcf.gz
../introgression/vcfs/full-run_line-ids.vcf.gz
../introgression/vcfs/full-run_line-ids.vcf
/nfs/research1/birney/projects/medaka/inbred_panel/medaka-alignments-release-94/vcf/medaka_inbred_panel_ensembl_new_reference_release_94.vcf
data/20200305_cram2line_full_dupes-edited.txt
