../introgression/fastas/DRR002225_1.fastq.gz
../introgression/fastas/DRR002225_2.fastq.gz
../introgression/fastas/DRR002226_1.fastq.gz
../introgression/fastas/DRR002226_2.fastq.gz
../introgression/fastas/DRR002227_1.fastq.gz
../introgression/fastas/DRR002227_2.fastq.gz
../introgression/fastas/DRR002228_1.fastq.gz
../introgression/fastas/DRR002228_2.fastq.gz
../introgression/sams/DRR002225.sam
../introgression/sams/DRR002226.sam
../introgression/sams/DRR002227.sam
../introgression/sams/DRR002228.sam
../introgression/sams/DRR002225_withRGs.sam
../introgression/sams/DRR002226_withRGs.sam
../introgression/sams/DRR002227_withRGs.sam
../introgression/sams/DRR002228_withRGs.sam
ftp.sra.ebi.ac.uk/vol1/fastq/DRR002/DRR002225/DRR002225_1.fastq.gz
ftp.sra.ebi.ac.uk/vol1/fastq/DRR002/DRR002225/DRR002225_2.fastq.gz
ftp.sra.ebi.ac.uk/vol1/fastq/DRR002/DRR002226/DRR002226_1.fastq.gz
ftp.sra.ebi.ac.uk/vol1/fastq/DRR002/DRR002226/DRR002226_2.fastq.gz
ftp.sra.ebi.ac.uk/vol1/fastq/DRR002/DRR002227/DRR002227_1.fastq.gz
ftp.sra.ebi.ac.uk/vol1/fastq/DRR002/DRR002227/DRR002227_2.fastq.gz
ftp.sra.ebi.ac.uk/vol1/fastq/DRR002/DRR002228/DRR002228_1.fastq.gz
ftp.sra.ebi.ac.uk/vol1/fastq/DRR002/DRR002228/DRR002228_2.fastq.gz
../introgression/fastas/DRR002225_1.fastq.gz
../introgression/fastas/DRR002225_2.fastq.gz
../introgression/fastas/DRR002226_1.fastq.gz
../introgression/fastas/DRR002226_2.fastq.gz
../introgression/fastas/DRR002227_1.fastq.gz
../introgression/fastas/DRR002227_2.fastq.gz
../introgression/fastas/DRR002228_1.fastq.gz
../introgression/fastas/DRR002228_2.fastq.gz
../introgression/sams/DRR002225.sam
../introgression/sams/DRR002226.sam
../introgression/sams/DRR002227.sam
../introgression/sams/DRR002228.sam
